
Microsoft Visual Studio Solution File, Format Version 12.00
# Visual Studio Version 17
VisualStudioVersion = 17.14.36221.1 d17.14
MinimumVisualStudioVersion = 10.0.40219.1
Project("{FAE04EC0-301F-11D3-BF4B-00C04F79EFBC}") = "HuffmanTree", "HuffmanTree\HuffmanTree.csproj", "{809FA1FD-DB27-433E-9F42-C5BAF1796586}"
EndProject
Project("{FAE04EC0-301F-11D3-BF4B-00C04F79EFBC}") = "ConsoleApp", "ConsoleApp\ConsoleApp.csproj", "{C4FB0CED-C8FB-485E-A331-6FD87530E9C5}"
EndProject
Global
	GlobalSection(SolutionConfigurationPlatforms) = preSolution
		Debug|Any CPU = Debug|Any CPU
		Release|Any CPU = Release|Any CPU
	EndGlobalSection
	GlobalSection(ProjectConfigurationPlatforms) = postSolution
		{809FA1FD-DB27-433E-9F42-C5BAF1796586}.Debug|Any CPU.ActiveCfg = Debug|Any CPU
		{809FA1FD-DB27-433E-9F42-C5BAF1796586}.Debug|Any CPU.Build.0 = Debug|Any CPU
		{809FA1FD-DB27-433E-9F42-C5BAF1796586}.Release|Any CPU.ActiveCfg = Release|Any CPU
		{809FA1FD-DB27-433E-9F42-C5BAF1796586}.Release|Any CPU.Build.0 = Release|Any CPU
		{C4FB0CED-C8FB-485E-A331-6FD87530E9C5}.Debug|Any CPU.ActiveCfg = Debug|Any CPU
		{C4FB0CED-C8FB-485E-A331-6FD87530E9C5}.Debug|Any CPU.Build.0 = Debug|Any CPU
		{C4FB0CED-C8FB-485E-A331-6FD87530E9C5}.Release|Any CPU.ActiveCfg = Release|Any CPU
		{C4FB0CED-C8FB-485E-A331-6FD87530E9C5}.Release|Any CPU.Build.0 = Release|Any CPU
	EndGlobalSection
	GlobalSection(SolutionProperties) = preSolution
		HideSolutionNode = FALSE
	EndGlobalSection
	GlobalSection(ExtensibilityGlobals) = postSolution
		SolutionGuid = {60786A6B-9D6D-4AB0-9DDA-69A2EBC6D4DC}
	EndGlobalSection
EndGlobal
